
Microsoft Visual Studio Solution File, Format Version 12.00
# Visual Studio Version 17
VisualStudioVersion = 17.11.35327.3
MinimumVisualStudioVersion = 10.0.40219.1
Project("{2150E333-8FDC-42A3-9474-1A3956D46DE8}") = "Services", "Services", "{827BBEAC-B0F5-4862-AF74-FA2EAC409483}"
EndProject
Project("{2150E333-8FDC-42A3-9474-1A3956D46DE8}") = "Catalog", "Catalog", "{E4A5B4BD-1D52-4AAC-8FF4-530B5E7AE77D}"
EndProject
Project("{FAE04EC0-301F-11D3-BF4B-00C04F79EFBC}") = "MultiShop.Catalog", "Catalog\MultiShop.Catalog\MultiShop.Catalog.csproj", "{ED108C2E-9E5B-4A51-BBEB-1EB3B58F4D5A}"
EndProject
Global
	GlobalSection(SolutionConfigurationPlatforms) = preSolution
		Debug|Any CPU = Debug|Any CPU
		Release|Any CPU = Release|Any CPU
	EndGlobalSection
	GlobalSection(ProjectConfigurationPlatforms) = postSolution
		{ED108C2E-9E5B-4A51-BBEB-1EB3B58F4D5A}.Debug|Any CPU.ActiveCfg = Debug|Any CPU
		{ED108C2E-9E5B-4A51-BBEB-1EB3B58F4D5A}.Debug|Any CPU.Build.0 = Debug|Any CPU
		{ED108C2E-9E5B-4A51-BBEB-1EB3B58F4D5A}.Release|Any CPU.ActiveCfg = Release|Any CPU
		{ED108C2E-9E5B-4A51-BBEB-1EB3B58F4D5A}.Release|Any CPU.Build.0 = Release|Any CPU
	EndGlobalSection
	GlobalSection(SolutionProperties) = preSolution
		HideSolutionNode = FALSE
	EndGlobalSection
	GlobalSection(NestedProjects) = preSolution
		{E4A5B4BD-1D52-4AAC-8FF4-530B5E7AE77D} = {827BBEAC-B0F5-4862-AF74-FA2EAC409483}
		{ED108C2E-9E5B-4A51-BBEB-1EB3B58F4D5A} = {E4A5B4BD-1D52-4AAC-8FF4-530B5E7AE77D}
	EndGlobalSection
	GlobalSection(ExtensibilityGlobals) = postSolution
		SolutionGuid = {A72812D7-E20A-49B2-B8C0-5C1E9246655B}
	EndGlobalSection
EndGlobal
