
Microsoft Visual Studio Solution File, Format Version 12.00
# Visual Studio Version 17
VisualStudioVersion = 17.11.35327.3
MinimumVisualStudioVersion = 10.0.40219.1
Project("{2150E333-8FDC-42A3-9474-1A3956D46DE8}") = "Services", "Services", "{827BBEAC-B0F5-4862-AF74-FA2EAC409483}"
EndProject
Project("{2150E333-8FDC-42A3-9474-1A3956D46DE8}") = "Catalog", "Catalog", "{E4A5B4BD-1D52-4AAC-8FF4-530B5E7AE77D}"
EndProject
Project("{2150E333-8FDC-42A3-9474-1A3956D46DE8}") = "Discount", "Discount", "{E6A31872-6F2F-459D-8F70-6871973CE1F8}"
EndProject
Project("{9A19103F-16F7-4668-BE54-9A1E7A4F7556}") = "MultiShop.Discount", "Services\Discount\MultiShop.Discount\MultiShop.Discount.csproj", "{6B0CA61B-9EB4-4C1C-A646-9AFC9CE34FF2}"
EndProject
Project("{2150E333-8FDC-42A3-9474-1A3956D46DE8}") = "Order", "Order", "{14AEBD0E-D97F-48E7-8EBF-C0650A007650}"
EndProject
Project("{2150E333-8FDC-42A3-9474-1A3956D46DE8}") = "Core", "Core", "{757FC2C6-4B45-4DB6-BC46-A3A1041B22D1}"
EndProject
Project("{2150E333-8FDC-42A3-9474-1A3956D46DE8}") = "Infrastructure", "Infrastructure", "{CF0FBCEE-8A8A-482E-9841-671831BA5D92}"
EndProject
Project("{2150E333-8FDC-42A3-9474-1A3956D46DE8}") = "Presentation", "Presentation", "{32BD8A01-55D3-4D56-B213-AEF4345E6CB7}"
EndProject
Project("{9A19103F-16F7-4668-BE54-9A1E7A4F7556}") = "MultiShop.Order.Domain", "Services\Order\Core\MultiShop.Order.Domain\MultiShop.Order.Domain.csproj", "{2AA6BDE3-6E75-4426-B338-3445CC65D836}"
EndProject
Project("{9A19103F-16F7-4668-BE54-9A1E7A4F7556}") = "MultiShop.Order.Application", "Services\Order\Core\MultiShop.Order.Application\MultiShop.Order.Application.csproj", "{0182BD77-AD57-4845-9E9F-611AA5F71502}"
EndProject
Project("{9A19103F-16F7-4668-BE54-9A1E7A4F7556}") = "MultiShop.Order.Persistence", "..\MultiShopMicroserviseServices\Order\Infrastructure\MultiShop.Order.Persistence\MultiShop.Order.Persistence.csproj", "{A279A41A-683E-4CEF-8EAB-1A3E88641997}"
EndProject
Project("{9A19103F-16F7-4668-BE54-9A1E7A4F7556}") = "MultiShop.Order.WebApi", "Services\Order\Presentation\MultiShop.Order.WebApi\MultiShop.Order.WebApi.csproj", "{4CB75CA9-BB65-4F6D-848F-8959C28B13B4}"
EndProject
Project("{2150E333-8FDC-42A3-9474-1A3956D46DE8}") = "IdentityServer", "IdentityServer", "{367B6E13-F82F-47DE-AEA2-6F9ABA780B53}"
EndProject
Project("{9A19103F-16F7-4668-BE54-9A1E7A4F7556}") = "MultiShop.IdentityServer", "IdentityServer\MultiShop.IdentityServer\MultiShop.IdentityServer.csproj", "{2F63806E-0FFF-41B8-BEF8-ACF69971C2B0}"
EndProject
Project("{9A19103F-16F7-4668-BE54-9A1E7A4F7556}") = "MultiShop.Catalog", "Services\Catalog\MultiShop.Catalog\MultiShop.Catalog.csproj", "{CDFCDE5E-6EB1-4515-AF6D-47BC363E424C}"
EndProject
Project("{2150E333-8FDC-42A3-9474-1A3956D46DE8}") = "Requirements", "Requirements", "{ED6A51BE-CBE3-4333-918F-5B6FD3133978}"
	ProjectSection(SolutionItems) = preProject
		PortNumber.txt = PortNumber.txt
	EndProjectSection
EndProject
Project("{2150E333-8FDC-42A3-9474-1A3956D46DE8}") = "Cargo", "Cargo", "{8EA731F7-C59C-4D86-BA40-D96C91DC270C}"
EndProject
Project("{9A19103F-16F7-4668-BE54-9A1E7A4F7556}") = "MultiShop.Cargo.EntityLayer", "Services\Cargo\MultiShop.Cargo.EntityLayer\MultiShop.Cargo.EntityLayer.csproj", "{E8DB4462-AC10-4DF6-ABFD-5EBC8625EC02}"
EndProject
Project("{9A19103F-16F7-4668-BE54-9A1E7A4F7556}") = "MultiShop.Cargo.DataAccessLayer", "Services\Cargo\MultiShop.Cargo.DataAccessLayer\MultiShop.Cargo.DataAccessLayer.csproj", "{B419005A-621E-4A0B-BF54-5E861F570019}"
EndProject
Project("{9A19103F-16F7-4668-BE54-9A1E7A4F7556}") = "MultiShop.Cargo.DtoLayer", "Services\Cargo\MultiShop.Cargo.DtoLayer\MultiShop.Cargo.DtoLayer.csproj", "{60545142-E65E-49E5-B19F-2E2F28737F51}"
EndProject
Project("{9A19103F-16F7-4668-BE54-9A1E7A4F7556}") = "MultiShop.Cargo.WebApi", "Services\Cargo\MultiShop.Cargo.WebApi\MultiShop.Cargo.WebApi.csproj", "{69554F24-7325-45F1-91E7-6C3DA681B601}"
EndProject
Project("{FAE04EC0-301F-11D3-BF4B-00C04F79EFBC}") = "MultiShop.Cargo.BusinessLayer", "MultiShop.Cargo.BusinessLayer\MultiShop.Cargo.BusinessLayer.csproj", "{BE2B4C8B-62BC-4D6E-B0BF-AC4A875CC848}"
EndProject
Global
	GlobalSection(SolutionConfigurationPlatforms) = preSolution
		Debug|Any CPU = Debug|Any CPU
		Release|Any CPU = Release|Any CPU
	EndGlobalSection
	GlobalSection(ProjectConfigurationPlatforms) = postSolution
		{6B0CA61B-9EB4-4C1C-A646-9AFC9CE34FF2}.Debug|Any CPU.ActiveCfg = Debug|Any CPU
		{6B0CA61B-9EB4-4C1C-A646-9AFC9CE34FF2}.Debug|Any CPU.Build.0 = Debug|Any CPU
		{6B0CA61B-9EB4-4C1C-A646-9AFC9CE34FF2}.Release|Any CPU.ActiveCfg = Release|Any CPU
		{6B0CA61B-9EB4-4C1C-A646-9AFC9CE34FF2}.Release|Any CPU.Build.0 = Release|Any CPU
		{2AA6BDE3-6E75-4426-B338-3445CC65D836}.Debug|Any CPU.ActiveCfg = Debug|Any CPU
		{2AA6BDE3-6E75-4426-B338-3445CC65D836}.Debug|Any CPU.Build.0 = Debug|Any CPU
		{2AA6BDE3-6E75-4426-B338-3445CC65D836}.Release|Any CPU.ActiveCfg = Release|Any CPU
		{2AA6BDE3-6E75-4426-B338-3445CC65D836}.Release|Any CPU.Build.0 = Release|Any CPU
		{0182BD77-AD57-4845-9E9F-611AA5F71502}.Debug|Any CPU.ActiveCfg = Debug|Any CPU
		{0182BD77-AD57-4845-9E9F-611AA5F71502}.Debug|Any CPU.Build.0 = Debug|Any CPU
		{0182BD77-AD57-4845-9E9F-611AA5F71502}.Release|Any CPU.ActiveCfg = Release|Any CPU
		{0182BD77-AD57-4845-9E9F-611AA5F71502}.Release|Any CPU.Build.0 = Release|Any CPU
		{A279A41A-683E-4CEF-8EAB-1A3E88641997}.Debug|Any CPU.ActiveCfg = Debug|Any CPU
		{A279A41A-683E-4CEF-8EAB-1A3E88641997}.Debug|Any CPU.Build.0 = Debug|Any CPU
		{A279A41A-683E-4CEF-8EAB-1A3E88641997}.Release|Any CPU.ActiveCfg = Release|Any CPU
		{A279A41A-683E-4CEF-8EAB-1A3E88641997}.Release|Any CPU.Build.0 = Release|Any CPU
		{4CB75CA9-BB65-4F6D-848F-8959C28B13B4}.Debug|Any CPU.ActiveCfg = Debug|Any CPU
		{4CB75CA9-BB65-4F6D-848F-8959C28B13B4}.Debug|Any CPU.Build.0 = Debug|Any CPU
		{4CB75CA9-BB65-4F6D-848F-8959C28B13B4}.Release|Any CPU.ActiveCfg = Release|Any CPU
		{4CB75CA9-BB65-4F6D-848F-8959C28B13B4}.Release|Any CPU.Build.0 = Release|Any CPU
		{2F63806E-0FFF-41B8-BEF8-ACF69971C2B0}.Debug|Any CPU.ActiveCfg = Debug|Any CPU
		{2F63806E-0FFF-41B8-BEF8-ACF69971C2B0}.Debug|Any CPU.Build.0 = Debug|Any CPU
		{2F63806E-0FFF-41B8-BEF8-ACF69971C2B0}.Release|Any CPU.ActiveCfg = Release|Any CPU
		{2F63806E-0FFF-41B8-BEF8-ACF69971C2B0}.Release|Any CPU.Build.0 = Release|Any CPU
		{CDFCDE5E-6EB1-4515-AF6D-47BC363E424C}.Debug|Any CPU.ActiveCfg = Debug|Any CPU
		{CDFCDE5E-6EB1-4515-AF6D-47BC363E424C}.Debug|Any CPU.Build.0 = Debug|Any CPU
		{CDFCDE5E-6EB1-4515-AF6D-47BC363E424C}.Release|Any CPU.ActiveCfg = Release|Any CPU
		{CDFCDE5E-6EB1-4515-AF6D-47BC363E424C}.Release|Any CPU.Build.0 = Release|Any CPU
		{E8DB4462-AC10-4DF6-ABFD-5EBC8625EC02}.Debug|Any CPU.ActiveCfg = Debug|Any CPU
		{E8DB4462-AC10-4DF6-ABFD-5EBC8625EC02}.Debug|Any CPU.Build.0 = Debug|Any CPU
		{E8DB4462-AC10-4DF6-ABFD-5EBC8625EC02}.Release|Any CPU.ActiveCfg = Release|Any CPU
		{E8DB4462-AC10-4DF6-ABFD-5EBC8625EC02}.Release|Any CPU.Build.0 = Release|Any CPU
		{B419005A-621E-4A0B-BF54-5E861F570019}.Debug|Any CPU.ActiveCfg = Debug|Any CPU
		{B419005A-621E-4A0B-BF54-5E861F570019}.Debug|Any CPU.Build.0 = Debug|Any CPU
		{B419005A-621E-4A0B-BF54-5E861F570019}.Release|Any CPU.ActiveCfg = Release|Any CPU
		{B419005A-621E-4A0B-BF54-5E861F570019}.Release|Any CPU.Build.0 = Release|Any CPU
		{60545142-E65E-49E5-B19F-2E2F28737F51}.Debug|Any CPU.ActiveCfg = Debug|Any CPU
		{60545142-E65E-49E5-B19F-2E2F28737F51}.Debug|Any CPU.Build.0 = Debug|Any CPU
		{60545142-E65E-49E5-B19F-2E2F28737F51}.Release|Any CPU.ActiveCfg = Release|Any CPU
		{60545142-E65E-49E5-B19F-2E2F28737F51}.Release|Any CPU.Build.0 = Release|Any CPU
		{69554F24-7325-45F1-91E7-6C3DA681B601}.Debug|Any CPU.ActiveCfg = Debug|Any CPU
		{69554F24-7325-45F1-91E7-6C3DA681B601}.Debug|Any CPU.Build.0 = Debug|Any CPU
		{69554F24-7325-45F1-91E7-6C3DA681B601}.Release|Any CPU.ActiveCfg = Release|Any CPU
		{69554F24-7325-45F1-91E7-6C3DA681B601}.Release|Any CPU.Build.0 = Release|Any CPU
		{BE2B4C8B-62BC-4D6E-B0BF-AC4A875CC848}.Debug|Any CPU.ActiveCfg = Debug|Any CPU
		{BE2B4C8B-62BC-4D6E-B0BF-AC4A875CC848}.Debug|Any CPU.Build.0 = Debug|Any CPU
		{BE2B4C8B-62BC-4D6E-B0BF-AC4A875CC848}.Release|Any CPU.ActiveCfg = Release|Any CPU
		{BE2B4C8B-62BC-4D6E-B0BF-AC4A875CC848}.Release|Any CPU.Build.0 = Release|Any CPU
	EndGlobalSection
	GlobalSection(SolutionProperties) = preSolution
		HideSolutionNode = FALSE
	EndGlobalSection
	GlobalSection(NestedProjects) = preSolution
		{E4A5B4BD-1D52-4AAC-8FF4-530B5E7AE77D} = {827BBEAC-B0F5-4862-AF74-FA2EAC409483}
		{E6A31872-6F2F-459D-8F70-6871973CE1F8} = {827BBEAC-B0F5-4862-AF74-FA2EAC409483}
		{6B0CA61B-9EB4-4C1C-A646-9AFC9CE34FF2} = {E6A31872-6F2F-459D-8F70-6871973CE1F8}
		{14AEBD0E-D97F-48E7-8EBF-C0650A007650} = {827BBEAC-B0F5-4862-AF74-FA2EAC409483}
		{757FC2C6-4B45-4DB6-BC46-A3A1041B22D1} = {14AEBD0E-D97F-48E7-8EBF-C0650A007650}
		{CF0FBCEE-8A8A-482E-9841-671831BA5D92} = {14AEBD0E-D97F-48E7-8EBF-C0650A007650}
		{32BD8A01-55D3-4D56-B213-AEF4345E6CB7} = {14AEBD0E-D97F-48E7-8EBF-C0650A007650}
		{2AA6BDE3-6E75-4426-B338-3445CC65D836} = {757FC2C6-4B45-4DB6-BC46-A3A1041B22D1}
		{0182BD77-AD57-4845-9E9F-611AA5F71502} = {757FC2C6-4B45-4DB6-BC46-A3A1041B22D1}
		{A279A41A-683E-4CEF-8EAB-1A3E88641997} = {CF0FBCEE-8A8A-482E-9841-671831BA5D92}
		{4CB75CA9-BB65-4F6D-848F-8959C28B13B4} = {32BD8A01-55D3-4D56-B213-AEF4345E6CB7}
		{2F63806E-0FFF-41B8-BEF8-ACF69971C2B0} = {367B6E13-F82F-47DE-AEA2-6F9ABA780B53}
		{CDFCDE5E-6EB1-4515-AF6D-47BC363E424C} = {E4A5B4BD-1D52-4AAC-8FF4-530B5E7AE77D}
		{8EA731F7-C59C-4D86-BA40-D96C91DC270C} = {827BBEAC-B0F5-4862-AF74-FA2EAC409483}
		{E8DB4462-AC10-4DF6-ABFD-5EBC8625EC02} = {8EA731F7-C59C-4D86-BA40-D96C91DC270C}
		{B419005A-621E-4A0B-BF54-5E861F570019} = {8EA731F7-C59C-4D86-BA40-D96C91DC270C}
		{60545142-E65E-49E5-B19F-2E2F28737F51} = {8EA731F7-C59C-4D86-BA40-D96C91DC270C}
		{69554F24-7325-45F1-91E7-6C3DA681B601} = {8EA731F7-C59C-4D86-BA40-D96C91DC270C}
		{BE2B4C8B-62BC-4D6E-B0BF-AC4A875CC848} = {8EA731F7-C59C-4D86-BA40-D96C91DC270C}
	EndGlobalSection
	GlobalSection(ExtensibilityGlobals) = postSolution
		SolutionGuid = {A72812D7-E20A-49B2-B8C0-5C1E9246655B}
	EndGlobalSection
EndGlobal
